
Microsoft Visual Studio Solution File, Format Version 12.00
# Visual Studio Version 17
VisualStudioVersion = 17.8.34408.163
MinimumVisualStudioVersion = 10.0.40219.1
Project("{2150E333-8FDC-42A3-9474-1A3956D46DE8}") = "src", "src", "{AB96D56C-27B9-4DFE-93CE-6471C25FAD82}"
EndProject
Project("{FAE04EC0-301F-11D3-BF4B-00C04F79EFBC}") = "FruitTemplate.Core", "src\FruitTemplate.Core\FruitTemplate.Core.csproj", "{D077ED23-B63E-48F2-9FA2-D7DB38AD3B42}"
EndProject
Project("{FAE04EC0-301F-11D3-BF4B-00C04F79EFBC}") = "FruitTemplate.Data", "src\FruitTemplate.Data\FruitTemplate.Data.csproj", "{D665A2D4-47A4-4B68-9620-CBC86C656C1C}"
EndProject
Project("{FAE04EC0-301F-11D3-BF4B-00C04F79EFBC}") = "FruitTemplate.Business", "src\FruitTemplate.Business\FruitTemplate.Business.csproj", "{FBBC7FE5-B4E6-4165-9BBB-A599FB38D7E0}"
EndProject
Project("{FAE04EC0-301F-11D3-BF4B-00C04F79EFBC}") = "FruitTemplate.MVC", "src\FruitTemplate.MVC\FruitTemplate.MVC.csproj", "{1FF8CAEE-625A-4AB1-B3DA-FACB9E734519}"
EndProject
Global
	GlobalSection(SolutionConfigurationPlatforms) = preSolution
		Debug|Any CPU = Debug|Any CPU
		Release|Any CPU = Release|Any CPU
	EndGlobalSection
	GlobalSection(ProjectConfigurationPlatforms) = postSolution
		{D077ED23-B63E-48F2-9FA2-D7DB38AD3B42}.Debug|Any CPU.ActiveCfg = Debug|Any CPU
		{D077ED23-B63E-48F2-9FA2-D7DB38AD3B42}.Debug|Any CPU.Build.0 = Debug|Any CPU
		{D077ED23-B63E-48F2-9FA2-D7DB38AD3B42}.Release|Any CPU.ActiveCfg = Release|Any CPU
		{D077ED23-B63E-48F2-9FA2-D7DB38AD3B42}.Release|Any CPU.Build.0 = Release|Any CPU
		{D665A2D4-47A4-4B68-9620-CBC86C656C1C}.Debug|Any CPU.ActiveCfg = Debug|Any CPU
		{D665A2D4-47A4-4B68-9620-CBC86C656C1C}.Debug|Any CPU.Build.0 = Debug|Any CPU
		{D665A2D4-47A4-4B68-9620-CBC86C656C1C}.Release|Any CPU.ActiveCfg = Release|Any CPU
		{D665A2D4-47A4-4B68-9620-CBC86C656C1C}.Release|Any CPU.Build.0 = Release|Any CPU
		{FBBC7FE5-B4E6-4165-9BBB-A599FB38D7E0}.Debug|Any CPU.ActiveCfg = Debug|Any CPU
		{FBBC7FE5-B4E6-4165-9BBB-A599FB38D7E0}.Debug|Any CPU.Build.0 = Debug|Any CPU
		{FBBC7FE5-B4E6-4165-9BBB-A599FB38D7E0}.Release|Any CPU.ActiveCfg = Release|Any CPU
		{FBBC7FE5-B4E6-4165-9BBB-A599FB38D7E0}.Release|Any CPU.Build.0 = Release|Any CPU
		{1FF8CAEE-625A-4AB1-B3DA-FACB9E734519}.Debug|Any CPU.ActiveCfg = Debug|Any CPU
		{1FF8CAEE-625A-4AB1-B3DA-FACB9E734519}.Debug|Any CPU.Build.0 = Debug|Any CPU
		{1FF8CAEE-625A-4AB1-B3DA-FACB9E734519}.Release|Any CPU.ActiveCfg = Release|Any CPU
		{1FF8CAEE-625A-4AB1-B3DA-FACB9E734519}.Release|Any CPU.Build.0 = Release|Any CPU
	EndGlobalSection
	GlobalSection(SolutionProperties) = preSolution
		HideSolutionNode = FALSE
	EndGlobalSection
	GlobalSection(NestedProjects) = preSolution
		{D077ED23-B63E-48F2-9FA2-D7DB38AD3B42} = {AB96D56C-27B9-4DFE-93CE-6471C25FAD82}
		{D665A2D4-47A4-4B68-9620-CBC86C656C1C} = {AB96D56C-27B9-4DFE-93CE-6471C25FAD82}
		{FBBC7FE5-B4E6-4165-9BBB-A599FB38D7E0} = {AB96D56C-27B9-4DFE-93CE-6471C25FAD82}
		{1FF8CAEE-625A-4AB1-B3DA-FACB9E734519} = {AB96D56C-27B9-4DFE-93CE-6471C25FAD82}
	EndGlobalSection
	GlobalSection(ExtensibilityGlobals) = postSolution
		SolutionGuid = {27B8A564-5A6C-49D3-9555-4F6C11FF8EA8}
	EndGlobalSection
EndGlobal
